
Microsoft Visual Studio Solution File, Format Version 12.00
# Visual Studio Version 17
VisualStudioVersion = 17.11.35312.102
MinimumVisualStudioVersion = 10.0.40219.1
Project("{FAE04EC0-301F-11D3-BF4B-00C04F79EFBC}") = "Ofertas de Resort", "Ofertas de Resort\Ofertas de Resort.csproj", "{66B364E0-75B6-4FA7-A7C8-9BDDD9FBD5D3}"
EndProject
Global
	GlobalSection(SolutionConfigurationPlatforms) = preSolution
		Debug|Any CPU = Debug|Any CPU
		Release|Any CPU = Release|Any CPU
	EndGlobalSection
	GlobalSection(ProjectConfigurationPlatforms) = postSolution
		{66B364E0-75B6-4FA7-A7C8-9BDDD9FBD5D3}.Debug|Any CPU.ActiveCfg = Debug|Any CPU
		{66B364E0-75B6-4FA7-A7C8-9BDDD9FBD5D3}.Debug|Any CPU.Build.0 = Debug|Any CPU
		{66B364E0-75B6-4FA7-A7C8-9BDDD9FBD5D3}.Release|Any CPU.ActiveCfg = Release|Any CPU
		{66B364E0-75B6-4FA7-A7C8-9BDDD9FBD5D3}.Release|Any CPU.Build.0 = Release|Any CPU
	EndGlobalSection
	GlobalSection(SolutionProperties) = preSolution
		HideSolutionNode = FALSE
	EndGlobalSection
	GlobalSection(ExtensibilityGlobals) = postSolution
		SolutionGuid = {F4B54302-CA76-4F0B-85A7-0943B25B14B3}
	EndGlobalSection
EndGlobal
